
Microsoft Visual Studio Solution File, Format Version 12.00
# Visual Studio Version 17
VisualStudioVersion = 17.3.32901.215
MinimumVisualStudioVersion = 10.0.40219.1
Project("{FAE04EC0-301F-11D3-BF4B-00C04F79EFBC}") = "AppHotel", "AppHotel\AppHotel.csproj", "{EA9E0601-B397-49C1-A547-4752D194563D}"
EndProject
Global
	GlobalSection(SolutionConfigurationPlatforms) = preSolution
		Debug|Any CPU = Debug|Any CPU
		Release|Any CPU = Release|Any CPU
	EndGlobalSection
	GlobalSection(ProjectConfigurationPlatforms) = postSolution
		{EA9E0601-B397-49C1-A547-4752D194563D}.Debug|Any CPU.ActiveCfg = Debug|Any CPU
		{EA9E0601-B397-49C1-A547-4752D194563D}.Debug|Any CPU.Build.0 = Debug|Any CPU
		{EA9E0601-B397-49C1-A547-4752D194563D}.Release|Any CPU.ActiveCfg = Release|Any CPU
		{EA9E0601-B397-49C1-A547-4752D194563D}.Release|Any CPU.Build.0 = Release|Any CPU
	EndGlobalSection
	GlobalSection(SolutionProperties) = preSolution
		HideSolutionNode = FALSE
	EndGlobalSection
	GlobalSection(ExtensibilityGlobals) = postSolution
		SolutionGuid = {4DE83A1C-70E1-4EBE-B4C3-03FE1CA6F360}
	EndGlobalSection
EndGlobal
